hash: 976decfaf173d97d2e4572399490637aa12e217312a7d8b28813780a738e1151
updated: 2017-08-24T17:28:45.8117156-05:00
imports:
- name: github.com/btcsuite/btclog
  version: 84c8d2346e9fc8c7b947e243b9c24e6df9fd206a
- name: github.com/btcsuite/btcutil
  version: 501929d3d046174c3d39f0ea54ece471aa17238c
  subpackages:
  - base58
  - bloom
  - hdkeychain
- name: github.com/btcsuite/go-socks
  version: 4720035b7bfd2a9bb130b1c184f8bbe41b6f0d0f
  subpackages:
  - socks
- name: github.com/btcsuite/goleveldb
  version: 7834afc9e8cd15233b6c3d97e12674a31ca24602
  subpackages:
  - leveldb
  - leveldb/cache
  - leveldb/comparer
  - leveldb/errors
  - leveldb/filter
  - leveldb/iterator
  - leveldb/journal
  - leveldb/memdb
  - leveldb/opt
  - leveldb/storage
  - leveldb/table
  - leveldb/util
- name: github.com/btcsuite/snappy-go
  version: 0bdef8d067237991ddaa1bb6072a740bc40601ba
- name: github.com/btcsuite/websocket
  version: 31079b6807923eb23992c421b114992b95131b55
- name: github.com/btcsuite/winsvc
  version: f8fb11f83f7e860e3769a08e6811d1b399a43722
  subpackages:
  - eventlog
  - mgr
  - registry
  - svc
  - winapi
- name: github.com/davecgh/go-spew
  version: 346938d642f2ec3594ed81d874461961cd0faa76
  subpackages:
  - spew
- name: github.com/jessevdk/go-flags
  version: 1679536dcc895411a9f5848d9a0250be7856448c
- name: github.com/jrick/logrotate
  version: a93b200c26cbae3bb09dd0dc2c7c7fe1468a034a
  subpackages:
  - rotator
- name: golang.org/x/crypto
  version: 122d919ec1efcfb58483215da23f815853e24b81
  subpackages:
  - ripemd160
testImports: []
