hash: ea6e6ffa31517aacb35de06b097975229096253bf658d302f2d6652fde91b3f1
updated: 2017-01-27T20:06:58.5779336-06:00
imports:
- name: github.com/btcsuite/btclog
  version: 73889fb79bd687870312b6e40effcecffbd57d30
- name: github.com/btcsuite/btcrpcclient
  version: abcdfb702a7ca67e4a32c10be380c63216bd69fe
- name: github.com/btcsuite/btcutil
  version: 86346b5a958c0cf94186b87855469ae991be501c
  subpackages:
  - base58
  - bloom
  - hdkeychain
- name: github.com/btcsuite/go-socks
  version: 4720035b7bfd2a9bb130b1c184f8bbe41b6f0d0f
  subpackages:
  - socks
- name: github.com/btcsuite/golangcrypto
  version: 53f62d9b43e87a6c56975cf862af7edf33a8d0df
  subpackages:
  - ripemd160
- name: github.com/btcsuite/goleveldb
  version: 7834afc9e8cd15233b6c3d97e12674a31ca24602
  subpackages:
  - leveldb
  - leveldb/cache
  - leveldb/comparer
  - leveldb/errors
  - leveldb/filter
  - leveldb/iterator
  - leveldb/journal
  - leveldb/memdb
  - leveldb/opt
  - leveldb/storage
  - leveldb/table
  - leveldb/util
- name: github.com/btcsuite/seelog
  version: 313961b101eb55f65ae0f03ddd4e322731763b6c
- name: github.com/btcsuite/snappy-go
  version: 0bdef8d067237991ddaa1bb6072a740bc40601ba
- name: github.com/btcsuite/websocket
  version: 31079b6807923eb23992c421b114992b95131b55
- name: github.com/btcsuite/winsvc
  version: f8fb11f83f7e860e3769a08e6811d1b399a43722
  subpackages:
  - eventlog
  - mgr
  - registry
  - svc
  - winapi
- name: github.com/davecgh/go-spew
  version: 346938d642f2ec3594ed81d874461961cd0faa76
  subpackages:
  - spew
- name: github.com/jessevdk/go-flags
  version: 1679536dcc895411a9f5848d9a0250be7856448c
testImports: []
