# This file is autogenerated, do not edit; changes may be undone by the next 'dep ensure'.


[[projects]]
  name = "github.com/agl/ed25519"
  packages = [".","edwards25519"]
  revision = "278e1ec8e8a6e017cd07577924d6766039146ced"

[[projects]]
  branch = "master"
  name = "github.com/btcsuite/btclog"
  packages = ["."]
  revision = "84c8d2346e9fc8c7b947e243b9c24e6df9fd206a"

[[projects]]
  branch = "master"
  name = "github.com/btcsuite/go-socks"
  packages = ["socks"]
  revision = "4720035b7bfd2a9bb130b1c184f8bbe41b6f0d0f"

[[projects]]
  branch = "master"
  name = "github.com/btcsuite/goleveldb"
  packages = ["leveldb","leveldb/cache","leveldb/comparer","leveldb/errors","leveldb/filter","leveldb/iterator","leveldb/journal","leveldb/memdb","leveldb/opt","leveldb/storage","leveldb/table","leveldb/util"]
  revision = "7834afc9e8cd15233b6c3d97e12674a31ca24602"

[[projects]]
  branch = "master"
  name = "github.com/btcsuite/snappy-go"
  packages = ["."]
  revision = "0bdef8d067237991ddaa1bb6072a740bc40601ba"

[[projects]]
  branch = "master"
  name = "github.com/btcsuite/websocket"
  packages = ["."]
  revision = "31079b6807923eb23992c421b114992b95131b55"

[[projects]]
  branch = "master"
  name = "github.com/btcsuite/winsvc"
  packages = ["eventlog","mgr","registry","svc","winapi"]
  revision = "f8fb11f83f7e860e3769a08e6811d1b399a43722"

[[projects]]
  name = "github.com/davecgh/go-spew"
  packages = ["spew"]
  revision = "adab96458c51a58dc1783b3335dcce5461522e75"

[[projects]]
  branch = "master"
  name = "github.com/dchest/blake256"
  packages = ["."]
  revision = "dee3fe6eb0e98dc774a94fc231f85baf7c29d360"

[[projects]]
  branch = "master"
  name = "github.com/decred/bitset"
  packages = ["."]
  revision = "484b833245d5f9046e2893a6bd2e54b1df3a53a4"

[[projects]]
  branch = "master"
  name = "github.com/decred/dcrrpcclient"
  packages = ["."]
  revision = "56d3c92e1a95fe90c48019c31087a8475957a5ad"

[[projects]]
  branch = "master"
  name = "github.com/decred/dcrutil"
  packages = [".","base58","bloom","hdkeychain"]
  revision = "ddbde93f65ab0692e54ed8a5ad325fa2e8af4daa"

[[projects]]
  name = "github.com/jessevdk/go-flags"
  packages = ["."]
  revision = "48cf8722c3375517aba351d1f7577c40663a4407"

[[projects]]
  branch = "master"
  name = "github.com/jrick/logrotate"
  packages = ["rotator"]
  revision = "a93b200c26cbae3bb09dd0dc2c7c7fe1468a034a"

[[projects]]
  name = "golang.org/x/crypto"
  packages = ["ripemd160","ssh/terminal"]
  revision = "81e90905daefcd6fd217b62423c0908922eadb30"

[[projects]]
  branch = "master"
  name = "golang.org/x/sys"
  packages = ["unix","windows"]
  revision = "ebfc5b4631820b793c9010c87fd8fef0f39eb082"

[solve-meta]
  analyzer-name = "dep"
  analyzer-version = 1
  inputs-digest = "0560532e378b1147621a2d1c36d14c95a9ea488d893455e056dfeb811557674e"
  solver-name = "gps-cdcl"
  solver-version = 1
