github.com/aead/siphash v0.0.0-20170329201724-e404fcfc8885 h1:bBmEG9/q1xH07CqeeFw1ejup6Kw+/88WhhLHqIJ0ngQ=
github.com/aead/siphash v0.0.0-20170329201724-e404fcfc8885/go.mod h1:Nywa3cDsYNNK3gaciGTWPwHt0wlpNV15vwmswBAUSII=
github.com/agl/ed25519 v0.0.0-20170116200512-5312a6153412 h1:w1UutsfOrms1J05zt7ISrnJIXKzwaspym5BTKGx93EI=
github.com/agl/ed25519 v0.0.0-20170116200512-5312a6153412/go.mod h1:WPjqKcmVOxf0XSf3YxCJs6N6AOSrOx3obionmG7T0y0=
github.com/btcsuite/go-socks v0.0.0-20170105172521-4720035b7bfd h1:R/opQEbFEy9JGkIguV40SvRY1uliPX8ifOvi6ICsFCw=
github.com/btcsuite/go-socks v0.0.0-20170105172521-4720035b7bfd/go.mod h1:HHNXQzUsZCxOoE+CPiyCTO6x34Zs86zZUiwtpXoGdtg=
github.com/btcsuite/goleveldb v1.0.0 h1:Tvd0BfvqX9o823q1j2UZ/epQo09eJh6dTcRp79ilIN4=
github.com/btcsuite/goleveldb v1.0.0/go.mod h1:QiK9vBlgftBg6rWQIj6wFzbPfRjiykIEhBH4obrXJ/I=
github.com/btcsuite/snappy-go v1.0.0 h1:ZxaA6lo2EpxGddsA8JwWOcxlzRybb444sgmeJQMJGQE=
github.com/btcsuite/snappy-go v1.0.0/go.mod h1:8woku9dyThutzjeg+3xrA5iCpBRH8XEEg3lh6TiUghc=
github.com/davecgh/go-spew v1.1.0 h1:ZDRjVQ15GmhC3fiQ8ni8+OwkZQO4DARzQgrnXU1Liz8=
github.com/davecgh/go-spew v1.1.0/go.mod h1:J7Y8YcW2NihsgmVo/mv3lAwl/skON4iLHjSsI+c5H38=
github.com/dchest/blake256 v1.0.0 h1:6gUgI5MHdz9g0TdrgKqXsoDX+Zjxmm1Sc6OsoGru50I=
github.com/dchest/blake256 v1.0.0/go.mod h1:xXNWCE1jsAP8DAjP+rKw2MbeqLczjI3TRx2VK+9OEYY=
github.com/dchest/siphash v1.2.0 h1:YWOShuhvg0GqbQpMa60QlCGtEyf7O7HC1Jf0VjdQ60M=
github.com/dchest/siphash v1.2.0/go.mod h1:q+IRvb2gOSrUnYoPqHiyHXS0FOBBOdl6tONBlVnOnt4=
github.com/decred/base58 v1.0.0 h1:BVi1FQCThIjZ0ehG+I99NJ51o0xcc9A/fDKhmJxY6+w=
github.com/decred/base58 v1.0.0/go.mod h1:LLY1p5e3g91byL/UO1eiZaYd+uRoVRarybgcoymu9Ks=
github.com/decred/dcrd/blockchain/stake v1.0.1 h1:IYGsNZRyMUsoFtVAUjd7XIccrIQ4YIqDeNzQJCjyS8A=
github.com/decred/dcrd/blockchain/stake v1.0.1/go.mod h1:hgoGmWMIu2LLApBbcguVpzCEEfX7M2YhuMrQdpohJzc=
github.com/decred/dcrd/chaincfg v1.1.1 h1:qRZkiA7ucsfsQPE/G/U1OnEUFozDl1MvM4ysJCUndLU=
github.com/decred/dcrd/chaincfg v1.1.1/go.mod h1:UlGtnp8Xx9YK+etBTybGjoFGoGXSw2bxZQuAnwfKv6I=
github.com/decred/dcrd/chaincfg/chainhash v1.0.1 h1:0vG7U9+dSjSCaHQKdoSKURK2pOb47+b+8FK5q4+Je7M=
github.com/decred/dcrd/chaincfg/chainhash v1.0.1/go.mod h1:OVfvaOsNLS/A1y4Eod0Ip/Lf8qga7VXCQjUQLbkY0Go=
github.com/decred/dcrd/database v1.0.1 h1:BSIerNf4RhSA0iDhiE/320RYqD2y9T+SCj99Pv7svgo=
github.com/decred/dcrd/database v1.0.1/go.mod h1:ILCeyOHFew3fZ7K2B9jl+tp5qFOap/pEGoo6Yy6Wk0g=
github.com/decred/dcrd/dcrec v0.0.0-20180721005212-59fe2b293f69/go.mod h1:cRAH1SNk8Mi9hKBc/DHbeiWz/fyO8KWZR3H7okrIuOA=
github.com/decred/dcrd/dcrec v0.0.0-20180721031028-5369a485acf6/go.mod h1:cRAH1SNk8Mi9hKBc/DHbeiWz/fyO8KWZR3H7okrIuOA=
github.com/decred/dcrd/dcrec v0.0.0-20180801202239-0761de129164 h1:N5s3yVfjBNW6XNG3gLxYpvt0IUjUsp/FRfC75QpSI+E=
github.com/decred/dcrd/dcrec v0.0.0-20180801202239-0761de129164/go.mod h1:cRAH1SNk8Mi9hKBc/DHbeiWz/fyO8KWZR3H7okrIuOA=
github.com/decred/dcrd/dcrec/edwards v0.0.0-20180721005212-59fe2b293f69/go.mod h1:+ehP0Hk/mesyZXttxCtBbhPX23BMpZJ1pcVBqUfbmvU=
github.com/decred/dcrd/dcrec/edwards v0.0.0-20180721031028-5369a485acf6 h1:1T33paUnhZTyLN60k5DSy4CH9uTN4vQ9TdSyu4O1ox8=
github.com/decred/dcrd/dcrec/edwards v0.0.0-20180721031028-5369a485acf6/go.mod h1:+ehP0Hk/mesyZXttxCtBbhPX23BMpZJ1pcVBqUfbmvU=
github.com/decred/dcrd/dcrec/secp256k1 v1.0.0 h1:Le54WTGdTQv7XYXpS31uhFE8LZE7ypwsIL+FgDP2x5Q=
github.com/decred/dcrd/dcrec/secp256k1 v1.0.0/go.mod h1:JPMFscGlgXTV684jxQNDijae2qrh0fLG7pJBimaYotE=
github.com/decred/dcrd/dcrjson v1.0.0 h1:50DnA0XeV2JrQXoHh43TCKmH+kz2gHjZ1Mj/Pdk7Oz0=
github.com/decred/dcrd/dcrjson v1.0.0/go.mod h1:ozddIaeF+EAvZZvFuB3zpfxhyxBGfvbt22crQh+PYuI=
github.com/decred/dcrd/dcrutil v1.1.1 h1:zOkGiumN/JkobhAgpG/zfFgUoolGKVGYT5na1hbYUoE=
github.com/decred/dcrd/dcrutil v1.1.1/go.mod h1:Jsttr0pEvzPAw+qay1kS1/PsbZYPyhluiNwwY6yBJS4=
github.com/decred/dcrd/gcs v1.0.1 h1:MpJXLskT41+JDaD3RLdlSlF2vlu1sxPpZgiRI7FVTWw=
github.com/decred/dcrd/gcs v1.0.1/go.mod h1:YwutGzusSdJM79CJtxCo9t7WRCvnkLtWSD19TPo1i9g=
github.com/decred/dcrd/txscript v1.0.1 h1:IMgxZFCw3AyG4EbKwywE3SDNshOSHsoUK1Wk/5GqWJ0=
github.com/decred/dcrd/txscript v1.0.1/go.mod h1:FqUX07Y+u3cJ1eIGPoyWbJg+Wk1NTllln/TyDpx9KnY=
github.com/decred/dcrd/wire v1.1.0 h1:G+3CugtxNbToUN8RKWqm74yLfzJJ2BKMOr2RgWc4TyY=
github.com/decred/dcrd/wire v1.1.0/go.mod h1:/JKOsLInOJu6InN+/zH5AyCq3YDIOW/EqcffvU8fJHM=
github.com/decred/slog v1.0.0 h1:Dl+W8O6/JH6n2xIFN2p3DNjCmjYwvrXsjlSJTQQ4MhE=
github.com/decred/slog v1.0.0/go.mod h1:zR98rEZHSnbZ4WHZtO0iqmSZjDLKhkXfrPTZQKtAonQ=
github.com/fsnotify/fsnotify v1.4.7 h1:IXs+QLmnXW2CcXuY+8Mzv/fWEsPGWxqefPtCP5CnV9I=
github.com/fsnotify/fsnotify v1.4.7/go.mod h1:jwhsz4b93w/PPRr/qN1Yymfu8t87LnFCMoQvtojpjFo=
github.com/golang/protobuf v1.1.0 h1:0iH4Ffd/meGoXqF2lSAhZHt8X+cPgkfn/cb6Cce5Vpc=
github.com/golang/protobuf v1.1.0/go.mod h1:6lQm79b+lXiMfvg/cZm0SGofjICqVBUtrP5yJMmIC1U=
github.com/gorilla/websocket v1.2.0 h1:VJtLvh6VQym50czpZzx07z/kw9EgAxI3x1ZB8taTMQQ=
github.com/gorilla/websocket v1.2.0/go.mod h1:E7qHFY5m1UJ88s3WnNqhKjPHQ0heANvMoAMk2YaljkQ=
github.com/hpcloud/tail v1.0.0 h1:nfCOvKYfkgYP8hkirhJocXT2+zOD8yUNjXaWfTlyFKI=
github.com/hpcloud/tail v1.0.0/go.mod h1:ab1qPbhIpdTxEkNHXyeSf5vhxWSCs/tWer42PpOxQnU=
github.com/jessevdk/go-flags v1.4.0/go.mod h1:4FA24M0QyGHXBuZZK/XkWh8h0e1EYbRYJSGM75WSRxI=
github.com/kr/pretty v0.1.0 h1:L/CwN0zerZDmRFUapSPitk6f+Q3+0za1rQkzVuMiMFI=
github.com/kr/pretty v0.1.0/go.mod h1:dAy3ld7l9f0ibDNOQOHHMYYIIbhfbHSm3C4ZsoJORNo=
github.com/kr/pty v1.1.1/go.mod h1:pFQYn66WHrOpPYNljwOMqo10TkYh1fy3cYio2l3bCsQ=
github.com/kr/text v0.1.0 h1:45sCR5RtlFHMR4UwH9sdQ5TC8v0qDQCHnXt+kaKSTVE=
github.com/kr/text v0.1.0/go.mod h1:4Jbv+DJW3UT/LiOwJeYQe1efqtUx/iVham/4vfdArNI=
github.com/onsi/ginkgo v1.6.0 h1:Ix8l273rp3QzYgXSR+c8d1fTG7UPgYkOSELPhiY/YGw=
github.com/onsi/ginkgo v1.6.0/go.mod h1:lLunBs/Ym6LB5Z9jYTR76FiuTmxDTDusOGeTQH+WWjE=
github.com/onsi/gomega v1.4.1 h1:PZSj/UFNaVp3KxrzHOcS7oyuWA7LoOY/77yCTEFu21U=
github.com/onsi/gomega v1.4.1/go.mod h1:C1qb7wdrVGGVU+Z6iS04AVkA3Q65CEZX59MT0QO5uiA=
golang.org/x/crypto v0.0.0-20180718160520-a2144134853f h1:lRy+hhwk7YT7MsKejxuz0C5Q1gk6p/QoPQYEmKmGFb8=
golang.org/x/crypto v0.0.0-20180718160520-a2144134853f/go.mod h1:6SG95UA2DQfeDnfUPMdvaQW0Q7yPrPDi9nlGo2tz2b4=
golang.org/x/net v0.0.0-20180719180050-a680a1efc54d/go.mod h1:mL1N/T3taQHkDXs73rZJwtUhF3w3ftmwwsq0BUmARs4=
golang.org/x/net v0.0.0-20180808004115-f9ce57c11b24 h1:mEsFm194MmS9vCwxFy+zwu0EU7ZkxxMD1iH++vmGdUY=
golang.org/x/net v0.0.0-20180808004115-f9ce57c11b24/go.mod h1:mL1N/T3taQHkDXs73rZJwtUhF3w3ftmwwsq0BUmARs4=
golang.org/x/sync v0.0.0-20180314180146-1d60e4601c6f h1:wMNYb4v58l5UBM7MYRLPG6ZhfOqbKu7X5eyFl8ZhKvA=
golang.org/x/sync v0.0.0-20180314180146-1d60e4601c6f/go.mod h1:RxMgew5VJxzue5/jJTE5uejpjVlOe/izrB70Jof72aM=
golang.org/x/sys v0.0.0-20180816055513-1c9583448a9c h1:uHnKXcvx6SNkuwC+nrzxkJ+TpPwZOtumbhWrrOYN5YA=
golang.org/x/sys v0.0.0-20180816055513-1c9583448a9c/go.mod h1:STP8DvDyc/dI5b8T5hshtkjS+E42TnysNCUPdjciGhY=
golang.org/x/text v0.3.0 h1:g61tztE5qeGQ89tm6NTjjM9VPIm088od1l6aSorWRWg=
golang.org/x/text v0.3.0/go.mod h1:NqM8EUOU14njkJ3fqMW+pc6Ldnwhi/IjpwHt7yyuwOQ=
gopkg.in/check.v1 v0.0.0-20161208181325-20d25e280405/go.mod h1:Co6ibVJAznAaIkqp8huTwlJQCZ016jof/cbN4VW5Yz0=
gopkg.in/check.v1 v1.0.0-20180628173108-788fd7840127 h1:qIbj1fsPNlZgppZ+VLlY7N33q108Sa+fhmuc+sWQYwY=
gopkg.in/check.v1 v1.0.0-20180628173108-788fd7840127/go.mod h1:Co6ibVJAznAaIkqp8huTwlJQCZ016jof/cbN4VW5Yz0=
gopkg.in/fsnotify.v1 v1.4.7 h1:xOHLXZwVvI9hhs+cLKq5+I5onOuwQLhQwiu63xxlHs4=
gopkg.in/fsnotify.v1 v1.4.7/go.mod h1:Tz8NjZHkW78fSQdbUxIjBTcgA1z1m8ZHf0WmKUhAMys=
gopkg.in/tomb.v1 v1.0.0-20141024135613-dd632973f1e7 h1:uRGJdciOHaEIrze2W8Q3AKkepLTh2hOroT7a+7czfdQ=
gopkg.in/tomb.v1 v1.0.0-20141024135613-dd632973f1e7/go.mod h1:dt/ZhP58zS4L8KSrWDmTeBkI65Dw0HsyUHuEVlX15mw=
gopkg.in/yaml.v2 v2.2.1 h1:mUhvW9EsL+naU5Q3cakzfE91YhliOondGd6ZrsDBHQE=
gopkg.in/yaml.v2 v2.2.1/go.mod h1:hI93XBmqTisBFMUTm0b8Fm+jr3Dg1NNxqwp+5A1VGuI=
